
Microsoft Visual Studio Solution File, Format Version 11.00
# Visual Studio 2010
Project("{FAE04EC0-301F-11D3-BF4B-00C04F79EFBC}") = "GhostPractice", "GhostPractice\GhostPractice.csproj", "{AD1E015E-0119-438B-BF7D-AF6B92D0AD2E}"
EndProject
Project("{FAE04EC0-301F-11D3-BF4B-00C04F79EFBC}") = "GhostAdmin", "GhostAdmin\GhostAdmin.csproj", "{3A11F43F-CB81-4377-A98E-EF61AC6C86FC}"
EndProject
Project("{FAE04EC0-301F-11D3-BF4B-00C04F79EFBC}") = "GPMobilePad", "GPMobilePad\GPMobilePad.csproj", "{CFBA9349-85AB-412E-8603-FD8C92EDEF36}"
EndProject
Project("{FAE04EC0-301F-11D3-BF4B-00C04F79EFBC}") = "GolfKids", "GolfKids\GolfKids.csproj", "{4CDD276F-6B79-4211-B918-A74268FC9ADF}"
EndProject
Project("{FAE04EC0-301F-11D3-BF4B-00C04F79EFBC}") = "CarameliPad", "CarameliPad\CarameliPad.csproj", "{63D42852-7324-4838-944E-CEBDFF87582A}"
EndProject
Project("{FAE04EC0-301F-11D3-BF4B-00C04F79EFBC}") = "TesterUI", "TesterUI\TesterUI.csproj", "{247BEDA3-7DFB-4919-9850-D10185A9A8D8}"
EndProject
Project("{FAE04EC0-301F-11D3-BF4B-00C04F79EFBC}") = "GPMobilePad2", "GPMobilePad2\GPMobilePad2.csproj", "{3A4F6E29-774F-4BF0-AEC6-5D9F3B11D531}"
EndProject
Global
	GlobalSection(SolutionConfigurationPlatforms) = preSolution
		Debug|iPhoneSimulator = Debug|iPhoneSimulator
		Release|iPhoneSimulator = Release|iPhoneSimulator
		Debug|iPhone = Debug|iPhone
		Release|iPhone = Release|iPhone
		Distribution|iPhone = Distribution|iPhone
		Ad-Hoc|iPhone = Ad-Hoc|iPhone
		AppStore|iPhone = AppStore|iPhone
		AppStoreKorbitec|iPhone = AppStoreKorbitec|iPhone
		DistributionKorbitec|iPhone = DistributionKorbitec|iPhone
	EndGlobalSection
	GlobalSection(ProjectConfigurationPlatforms) = postSolution
		{247BEDA3-7DFB-4919-9850-D10185A9A8D8}.Ad-Hoc|iPhone.ActiveCfg = Ad-Hoc|iPhone
		{247BEDA3-7DFB-4919-9850-D10185A9A8D8}.Ad-Hoc|iPhone.Build.0 = Ad-Hoc|iPhone
		{247BEDA3-7DFB-4919-9850-D10185A9A8D8}.AppStore|iPhone.ActiveCfg = AppStore|iPhone
		{247BEDA3-7DFB-4919-9850-D10185A9A8D8}.AppStore|iPhone.Build.0 = AppStore|iPhone
		{247BEDA3-7DFB-4919-9850-D10185A9A8D8}.AppStoreKorbitec|iPhone.ActiveCfg = Release|iPhone
		{247BEDA3-7DFB-4919-9850-D10185A9A8D8}.AppStoreKorbitec|iPhone.Build.0 = Release|iPhone
		{247BEDA3-7DFB-4919-9850-D10185A9A8D8}.Debug|iPhone.ActiveCfg = Debug|iPhone
		{247BEDA3-7DFB-4919-9850-D10185A9A8D8}.Debug|iPhone.Build.0 = Debug|iPhone
		{247BEDA3-7DFB-4919-9850-D10185A9A8D8}.Debug|iPhoneSimulator.ActiveCfg = Debug|iPhoneSimulator
		{247BEDA3-7DFB-4919-9850-D10185A9A8D8}.Debug|iPhoneSimulator.Build.0 = Debug|iPhoneSimulator
		{247BEDA3-7DFB-4919-9850-D10185A9A8D8}.Distribution|iPhone.ActiveCfg = Release|iPhone
		{247BEDA3-7DFB-4919-9850-D10185A9A8D8}.Distribution|iPhone.Build.0 = Release|iPhone
		{247BEDA3-7DFB-4919-9850-D10185A9A8D8}.DistributionKorbitec|iPhone.ActiveCfg = Release|iPhone
		{247BEDA3-7DFB-4919-9850-D10185A9A8D8}.DistributionKorbitec|iPhone.Build.0 = Release|iPhone
		{247BEDA3-7DFB-4919-9850-D10185A9A8D8}.Release|iPhone.ActiveCfg = Release|iPhone
		{247BEDA3-7DFB-4919-9850-D10185A9A8D8}.Release|iPhone.Build.0 = Release|iPhone
		{247BEDA3-7DFB-4919-9850-D10185A9A8D8}.Release|iPhoneSimulator.ActiveCfg = Release|iPhoneSimulator
		{247BEDA3-7DFB-4919-9850-D10185A9A8D8}.Release|iPhoneSimulator.Build.0 = Release|iPhoneSimulator
		{3A11F43F-CB81-4377-A98E-EF61AC6C86FC}.AppStoreKorbitec|iPhone.ActiveCfg = AppStoreKorbitec|iPhone
		{3A11F43F-CB81-4377-A98E-EF61AC6C86FC}.AppStoreKorbitec|iPhone.Build.0 = AppStoreKorbitec|iPhone
		{3A11F43F-CB81-4377-A98E-EF61AC6C86FC}.Debug|iPhone.ActiveCfg = Debug|iPhone
		{3A11F43F-CB81-4377-A98E-EF61AC6C86FC}.Debug|iPhone.Build.0 = Debug|iPhone
		{3A11F43F-CB81-4377-A98E-EF61AC6C86FC}.Debug|iPhoneSimulator.ActiveCfg = Debug|iPhoneSimulator
		{3A11F43F-CB81-4377-A98E-EF61AC6C86FC}.Debug|iPhoneSimulator.Build.0 = Debug|iPhoneSimulator
		{3A11F43F-CB81-4377-A98E-EF61AC6C86FC}.Distribution|iPhone.ActiveCfg = Distribution|iPhone
		{3A11F43F-CB81-4377-A98E-EF61AC6C86FC}.Distribution|iPhone.Build.0 = Distribution|iPhone
		{3A11F43F-CB81-4377-A98E-EF61AC6C86FC}.DistributionKorbitec|iPhone.ActiveCfg = DistributionKorbitec|iPhone
		{3A11F43F-CB81-4377-A98E-EF61AC6C86FC}.DistributionKorbitec|iPhone.Build.0 = DistributionKorbitec|iPhone
		{3A11F43F-CB81-4377-A98E-EF61AC6C86FC}.Release|iPhone.ActiveCfg = Release|iPhone
		{3A11F43F-CB81-4377-A98E-EF61AC6C86FC}.Release|iPhone.Build.0 = Release|iPhone
		{3A11F43F-CB81-4377-A98E-EF61AC6C86FC}.Release|iPhoneSimulator.ActiveCfg = Release|iPhoneSimulator
		{3A11F43F-CB81-4377-A98E-EF61AC6C86FC}.Release|iPhoneSimulator.Build.0 = Release|iPhoneSimulator
		{3A4F6E29-774F-4BF0-AEC6-5D9F3B11D531}.Ad-Hoc|iPhone.ActiveCfg = Ad-Hoc|iPhone
		{3A4F6E29-774F-4BF0-AEC6-5D9F3B11D531}.Ad-Hoc|iPhone.Build.0 = Ad-Hoc|iPhone
		{3A4F6E29-774F-4BF0-AEC6-5D9F3B11D531}.AppStore|iPhone.ActiveCfg = AppStore|iPhone
		{3A4F6E29-774F-4BF0-AEC6-5D9F3B11D531}.AppStore|iPhone.Build.0 = AppStore|iPhone
		{3A4F6E29-774F-4BF0-AEC6-5D9F3B11D531}.AppStoreKorbitec|iPhone.ActiveCfg = Release|iPhone
		{3A4F6E29-774F-4BF0-AEC6-5D9F3B11D531}.AppStoreKorbitec|iPhone.Build.0 = Release|iPhone
		{3A4F6E29-774F-4BF0-AEC6-5D9F3B11D531}.Debug|iPhone.ActiveCfg = Debug|iPhone
		{3A4F6E29-774F-4BF0-AEC6-5D9F3B11D531}.Debug|iPhone.Build.0 = Debug|iPhone
		{3A4F6E29-774F-4BF0-AEC6-5D9F3B11D531}.Debug|iPhoneSimulator.ActiveCfg = Debug|iPhoneSimulator
		{3A4F6E29-774F-4BF0-AEC6-5D9F3B11D531}.Debug|iPhoneSimulator.Build.0 = Debug|iPhoneSimulator
		{3A4F6E29-774F-4BF0-AEC6-5D9F3B11D531}.Distribution|iPhone.ActiveCfg = Release|iPhone
		{3A4F6E29-774F-4BF0-AEC6-5D9F3B11D531}.Distribution|iPhone.Build.0 = Release|iPhone
		{3A4F6E29-774F-4BF0-AEC6-5D9F3B11D531}.DistributionKorbitec|iPhone.ActiveCfg = Release|iPhone
		{3A4F6E29-774F-4BF0-AEC6-5D9F3B11D531}.DistributionKorbitec|iPhone.Build.0 = Release|iPhone
		{3A4F6E29-774F-4BF0-AEC6-5D9F3B11D531}.Release|iPhone.ActiveCfg = Release|iPhone
		{3A4F6E29-774F-4BF0-AEC6-5D9F3B11D531}.Release|iPhone.Build.0 = Release|iPhone
		{3A4F6E29-774F-4BF0-AEC6-5D9F3B11D531}.Release|iPhoneSimulator.ActiveCfg = Release|iPhoneSimulator
		{3A4F6E29-774F-4BF0-AEC6-5D9F3B11D531}.Release|iPhoneSimulator.Build.0 = Release|iPhoneSimulator
		{4CDD276F-6B79-4211-B918-A74268FC9ADF}.Ad-Hoc|iPhone.ActiveCfg = Ad-Hoc|iPhone
		{4CDD276F-6B79-4211-B918-A74268FC9ADF}.Ad-Hoc|iPhone.Build.0 = Ad-Hoc|iPhone
		{4CDD276F-6B79-4211-B918-A74268FC9ADF}.AppStore|iPhone.ActiveCfg = AppStore|iPhone
		{4CDD276F-6B79-4211-B918-A74268FC9ADF}.AppStore|iPhone.Build.0 = AppStore|iPhone
		{4CDD276F-6B79-4211-B918-A74268FC9ADF}.AppStoreKorbitec|iPhone.ActiveCfg = AppStoreKorbitec|iPhone
		{4CDD276F-6B79-4211-B918-A74268FC9ADF}.AppStoreKorbitec|iPhone.Build.0 = AppStoreKorbitec|iPhone
		{4CDD276F-6B79-4211-B918-A74268FC9ADF}.Debug|iPhone.ActiveCfg = Debug|iPhone
		{4CDD276F-6B79-4211-B918-A74268FC9ADF}.Debug|iPhone.Build.0 = Debug|iPhone
		{4CDD276F-6B79-4211-B918-A74268FC9ADF}.Debug|iPhoneSimulator.ActiveCfg = Debug|iPhoneSimulator
		{4CDD276F-6B79-4211-B918-A74268FC9ADF}.Debug|iPhoneSimulator.Build.0 = Debug|iPhoneSimulator
		{4CDD276F-6B79-4211-B918-A74268FC9ADF}.Distribution|iPhone.ActiveCfg = Debug|iPhone
		{4CDD276F-6B79-4211-B918-A74268FC9ADF}.Distribution|iPhone.Build.0 = Debug|iPhone
		{4CDD276F-6B79-4211-B918-A74268FC9ADF}.DistributionKorbitec|iPhone.ActiveCfg = DistributionKorbitec|iPhone
		{4CDD276F-6B79-4211-B918-A74268FC9ADF}.DistributionKorbitec|iPhone.Build.0 = DistributionKorbitec|iPhone
		{4CDD276F-6B79-4211-B918-A74268FC9ADF}.Release|iPhone.ActiveCfg = Release|iPhone
		{4CDD276F-6B79-4211-B918-A74268FC9ADF}.Release|iPhone.Build.0 = Release|iPhone
		{4CDD276F-6B79-4211-B918-A74268FC9ADF}.Release|iPhoneSimulator.ActiveCfg = Release|iPhoneSimulator
		{4CDD276F-6B79-4211-B918-A74268FC9ADF}.Release|iPhoneSimulator.Build.0 = Release|iPhoneSimulator
		{63D42852-7324-4838-944E-CEBDFF87582A}.Ad-Hoc|iPhone.ActiveCfg = Debug|iPhoneSimulator
		{63D42852-7324-4838-944E-CEBDFF87582A}.Ad-Hoc|iPhone.Build.0 = Debug|iPhoneSimulator
		{63D42852-7324-4838-944E-CEBDFF87582A}.AppStore|iPhone.ActiveCfg = Debug|iPhoneSimulator
		{63D42852-7324-4838-944E-CEBDFF87582A}.AppStore|iPhone.Build.0 = Debug|iPhoneSimulator
		{63D42852-7324-4838-944E-CEBDFF87582A}.AppStoreKorbitec|iPhone.ActiveCfg = AppStoreKorbitec|iPhone
		{63D42852-7324-4838-944E-CEBDFF87582A}.AppStoreKorbitec|iPhone.Build.0 = AppStoreKorbitec|iPhone
		{63D42852-7324-4838-944E-CEBDFF87582A}.Debug|iPhone.ActiveCfg = Debug|iPhone
		{63D42852-7324-4838-944E-CEBDFF87582A}.Debug|iPhone.Build.0 = Debug|iPhone
		{63D42852-7324-4838-944E-CEBDFF87582A}.Debug|iPhoneSimulator.ActiveCfg = Debug|iPhoneSimulator
		{63D42852-7324-4838-944E-CEBDFF87582A}.Debug|iPhoneSimulator.Build.0 = Debug|iPhoneSimulator
		{63D42852-7324-4838-944E-CEBDFF87582A}.Distribution|iPhone.ActiveCfg = Release|iPhone
		{63D42852-7324-4838-944E-CEBDFF87582A}.Distribution|iPhone.Build.0 = Release|iPhone
		{63D42852-7324-4838-944E-CEBDFF87582A}.DistributionKorbitec|iPhone.ActiveCfg = DistributionKorbitec|iPhone
		{63D42852-7324-4838-944E-CEBDFF87582A}.DistributionKorbitec|iPhone.Build.0 = DistributionKorbitec|iPhone
		{63D42852-7324-4838-944E-CEBDFF87582A}.Release|iPhone.ActiveCfg = Release|iPhone
		{63D42852-7324-4838-944E-CEBDFF87582A}.Release|iPhone.Build.0 = Release|iPhone
		{63D42852-7324-4838-944E-CEBDFF87582A}.Release|iPhoneSimulator.ActiveCfg = Release|iPhoneSimulator
		{63D42852-7324-4838-944E-CEBDFF87582A}.Release|iPhoneSimulator.Build.0 = Release|iPhoneSimulator
		{AD1E015E-0119-438B-BF7D-AF6B92D0AD2E}.AppStoreKorbitec|iPhone.ActiveCfg = AppStoreKorbitec|iPhone
		{AD1E015E-0119-438B-BF7D-AF6B92D0AD2E}.AppStoreKorbitec|iPhone.Build.0 = AppStoreKorbitec|iPhone
		{AD1E015E-0119-438B-BF7D-AF6B92D0AD2E}.Debug|iPhone.ActiveCfg = Debug|iPhone
		{AD1E015E-0119-438B-BF7D-AF6B92D0AD2E}.Debug|iPhone.Build.0 = Debug|iPhone
		{AD1E015E-0119-438B-BF7D-AF6B92D0AD2E}.Debug|iPhoneSimulator.ActiveCfg = Debug|iPhoneSimulator
		{AD1E015E-0119-438B-BF7D-AF6B92D0AD2E}.Debug|iPhoneSimulator.Build.0 = Debug|iPhoneSimulator
		{AD1E015E-0119-438B-BF7D-AF6B92D0AD2E}.Distribution|iPhone.ActiveCfg = Distribution|iPhone
		{AD1E015E-0119-438B-BF7D-AF6B92D0AD2E}.Distribution|iPhone.Build.0 = Distribution|iPhone
		{AD1E015E-0119-438B-BF7D-AF6B92D0AD2E}.DistributionKorbitec|iPhone.ActiveCfg = DistributionKorbitec|iPhone
		{AD1E015E-0119-438B-BF7D-AF6B92D0AD2E}.DistributionKorbitec|iPhone.Build.0 = DistributionKorbitec|iPhone
		{AD1E015E-0119-438B-BF7D-AF6B92D0AD2E}.Release|iPhone.ActiveCfg = Release|iPhone
		{AD1E015E-0119-438B-BF7D-AF6B92D0AD2E}.Release|iPhone.Build.0 = Release|iPhone
		{AD1E015E-0119-438B-BF7D-AF6B92D0AD2E}.Release|iPhoneSimulator.ActiveCfg = Release|iPhoneSimulator
		{AD1E015E-0119-438B-BF7D-AF6B92D0AD2E}.Release|iPhoneSimulator.Build.0 = Release|iPhoneSimulator
		{CFBA9349-85AB-412E-8603-FD8C92EDEF36}.Ad-Hoc|iPhone.ActiveCfg = Ad-Hoc|iPhone
		{CFBA9349-85AB-412E-8603-FD8C92EDEF36}.Ad-Hoc|iPhone.Build.0 = Ad-Hoc|iPhone
		{CFBA9349-85AB-412E-8603-FD8C92EDEF36}.AppStore|iPhone.ActiveCfg = AppStore|iPhone
		{CFBA9349-85AB-412E-8603-FD8C92EDEF36}.AppStore|iPhone.Build.0 = AppStore|iPhone
		{CFBA9349-85AB-412E-8603-FD8C92EDEF36}.AppStoreKorbitec|iPhone.ActiveCfg = AppStoreKorbitec|iPhone
		{CFBA9349-85AB-412E-8603-FD8C92EDEF36}.AppStoreKorbitec|iPhone.Build.0 = AppStoreKorbitec|iPhone
		{CFBA9349-85AB-412E-8603-FD8C92EDEF36}.Debug|iPhone.ActiveCfg = Debug|iPhone
		{CFBA9349-85AB-412E-8603-FD8C92EDEF36}.Debug|iPhone.Build.0 = Debug|iPhone
		{CFBA9349-85AB-412E-8603-FD8C92EDEF36}.Debug|iPhoneSimulator.ActiveCfg = Debug|iPhoneSimulator
		{CFBA9349-85AB-412E-8603-FD8C92EDEF36}.Debug|iPhoneSimulator.Build.0 = Debug|iPhoneSimulator
		{CFBA9349-85AB-412E-8603-FD8C92EDEF36}.Distribution|iPhone.ActiveCfg = Debug|iPhone
		{CFBA9349-85AB-412E-8603-FD8C92EDEF36}.Distribution|iPhone.Build.0 = Debug|iPhone
		{CFBA9349-85AB-412E-8603-FD8C92EDEF36}.DistributionKorbitec|iPhone.ActiveCfg = DistributionKorbitec|iPhone
		{CFBA9349-85AB-412E-8603-FD8C92EDEF36}.DistributionKorbitec|iPhone.Build.0 = DistributionKorbitec|iPhone
		{CFBA9349-85AB-412E-8603-FD8C92EDEF36}.Release|iPhone.ActiveCfg = Release|iPhone
		{CFBA9349-85AB-412E-8603-FD8C92EDEF36}.Release|iPhone.Build.0 = Release|iPhone
		{CFBA9349-85AB-412E-8603-FD8C92EDEF36}.Release|iPhoneSimulator.ActiveCfg = Release|iPhoneSimulator
		{CFBA9349-85AB-412E-8603-FD8C92EDEF36}.Release|iPhoneSimulator.Build.0 = Release|iPhoneSimulator
	EndGlobalSection
	GlobalSection(MonoDevelopProperties) = preSolution
		StartupItem = GhostPractice\GhostPractice.csproj
	EndGlobalSection
EndGlobal
